{
  "version": 4,
  "terraform_version": "1.0.5",
  "serial": 4302,
  "lineage": "7fa05fe2-938f-af86-0a03-f319dd92d297",
  "outputs": {},
  "resources": [
    {
      "module": "module.azure",
      "mode": "managed",
      "type": "azurerm_kubernetes_cluster",
      "name": "myaks",
      "provider": "provider[\"registry.terraform.io/hashicorp/azurerm\"].myazure",
      "instances": [
        {
          "schema_version": 2,
          "attributes": {
            "aci_connector_linux": [],
            "api_server_authorized_ip_ranges": null,
            "auto_scaler_profile": [],
            "automatic_channel_upgrade": "",
            "azure_active_directory_role_based_access_control": [],
            "azure_policy_enabled": false,
            "default_node_pool": [
              {
                "enable_auto_scaling": false,
                "enable_host_encryption": false,
                "enable_node_public_ip": true,
                "fips_enabled": false,
                "kubelet_config": [],
                "kubelet_disk_type": "OS",
                "linux_os_config": [],
                "max_count": 0,
                "max_pods": 110,
                "min_count": 0,
                "name": "default",
                "node_count": 2,
                "node_labels": {},
                "node_public_ip_prefix_id": "",
                "node_taints": null,
                "only_critical_addons_enabled": false,
                "orchestrator_version": "1.22.6",
                "os_disk_size_gb": 128,
                "os_disk_type": "Managed",
                "os_sku": "Ubuntu",
                "pod_subnet_id": "",
                "proximity_placement_group_id": "",
                "tags": null,
                "type": "VirtualMachineScaleSets",
                "ultra_ssd_enabled": false,
                "upgrade_settings": [],
                "vm_size": "Standard_B2s",
                "vnet_subnet_id": "/subscriptions/ec811817-c2d8-43e4-9334-78b9e9f053c5/resourceGroups/myproject_rg/providers/Microsoft.Network/virtualNetworks/my-vnet/subnets/subnet1-public",
                "zones": null
              }
            ],
            "disk_encryption_set_id": "",
            "dns_prefix": "shivamaks1",
            "dns_prefix_private_cluster": "",
            "enable_pod_security_policy": false,
            "fqdn": "shivamaks1-a49d262b.hcp.southindia.azmk8s.io",
            "http_application_routing_enabled": false,
            "http_application_routing_zone_name": "",
            "http_proxy_config": [],
            "id": "/subscriptions/ec811817-c2d8-43e4-9334-78b9e9f053c5/resourceGroups/myproject_rg/providers/Microsoft.ContainerService/managedClusters/my-aks",
            "identity": [
              {
                "identity_ids": null,
                "principal_id": "c3d3a366-d0ec-4d36-b543-015741dfd722",
                "tenant_id": "b52e9fda-0691-4585-bdfc-5ccae1ce1890",
                "type": "SystemAssigned"
              }
            ],
            "ingress_application_gateway": [],
            "key_vault_secrets_provider": [],
            "kube_admin_config": [],
            "kube_admin_config_raw": "",
            "kube_config": [
              {
                "client_certificate": "LS0tLS1CRUdJTiBDRVJUSUZJQ0FURS0tLS0tCk1JSUZIVENDQXdXZ0F3SUJBZ0lRTTNGSkhEK1dRMzNvY2dpdGFGWnVtREFOQmdrcWhraUc5dzBCQVFzRkFEQU4KTVFzd0NRWURWUVFERXdKallUQWVGdzB5TWpBMU1EVXhOREl6TVRGYUZ3MHlOREExTURVeE5ETXpNVEZhTURBeApGekFWQmdOVkJBb1REbk41YzNSbGJUcHRZWE4wWlhKek1SVXdFd1lEVlFRREV3eHRZWE4wWlhKamJHbGxiblF3CmdnSWlNQTBHQ1NxR1NJYjNEUUVCQVFVQUE0SUNEd0F3Z2dJS0FvSUNBUURwVHIxUFQrSHlGSTdPTWFhdG5MUHUKVjFSbk1Oenh1ZEFqK2RQNjVvSEQ1L2NoNUpmUlZoNWVsUFppdENSVkVPbEZ0Y2cxZXI1VldlNnNUTlR5cnIzbQp0NUhDa05WdU84K3RkWitEWll3aXFvTzkzbWpsYmdMUnVPOUdhaXEwVk1ONjNtRW91T1hvVXdXeGhlUHhWNlQzCnhRR1JFdkZoblRPNDg3dDhaaGpjbCtyM2YzTU94UWlCVHQyWW9IU1BTZXIrWUtiWldCT3k4dmNCVnVRMGN2bmEKRTJqRHlDZm1EOWo2NGxoMk1oMXZ4N0tiQWNUQ1JLL1haQ3JUUkxPWk8xUjkvb09ubEZ2dTRCejFudjU5SVdJTApwZytPck52S1J2a1duT2VuUlpKUGkrdVptYjRTRkt5VXUvSU9lWVBYTlF4S0FRNkU3T3lNcTR4KzRDSkhERlhPClArSGtYVUoyMGFjNVFLNHVBMXNReFFZY2hGS1NFbDlwUVcyT3lSQ2dQV0M2dkRQSnRKYUg0N0N5R0xNaytxOFQKemhPUU5Gck83YzZERlBnWG9EbnpPUldLckdyck9xYWVuK00vM0VPVmVZNUJiaFlXOEVSK0xaajM1SytiRndGQwp4MVk3aGhUenlUZVBwd2FRcUtFd2FXRmxNYUZxQWt3NEZQcWFUank5WnE0UjFtaytuYmN1eTV3QmhWVVpkZnRECjZ5eC9wRXVBMnNhTkZZSm1wL3huNzIvb0V6TWpna3VTMjlxWWRyNS9TWUhIVjZlSGQ4a0VnUlRCYlc5K0pxeEQKeDZTMXNuc3BaMmxxU3BrcXQ0bElnRHd3KzZWSkI2aTFzZEZ5cDFHTEdiMkRnbXR0SG1kMGhGLysraGQrSlI2TApFZkhvaFdNOTVtL2h0NGUyTW9sblBRSURBUUFCbzFZd1ZEQU9CZ05WSFE4QkFmOEVCQU1DQmFBd0V3WURWUjBsCkJBd3dDZ1lJS3dZQkJRVUhBd0l3REFZRFZSMFRBUUgvQkFJd0FEQWZCZ05WSFNNRUdEQVdnQlQrcTJIMS8wK0QKM2hEOUVCR3d5aHBFbWZhOHJqQU5CZ2txaGtpRzl3MEJBUXNGQUFPQ0FnRUFzaWIwbGdYQm96b0xIbTdKM2hzNwo4S3VoeUQrU0RGcUt0Qi91TkdaVXB2c2ZYQjhmcWNQZGpPbmpxd2JhZEt3aCtwZVZveTBuZE5oNjJMcEtDWndOCi8yeHZwWUJmMk16b2RMbmRVbXBUNjEyQ0VDaWJsR3Q3SzU3elRscjdOMm0yRFJ3Z3F0ZzQ3OGVJK3VFb1ZuTWoKNjNZM3E3OUMrdVFiNC9ROUFydTltUDRwSmxZSVBmMnVKQWQ3K2phNGw5SjQ5blBiaU5lTTRoMW1uOVllSGJzcAptWkdUekpORVg5WktVMUpERUNUZDVkaGZ0SzZuTWJUcWJOS2dvWC9lbWVwL3U3YmhjYy82SFFNQ3V6eXhxVnZxCnhkcDdLbHEvcnlOSjJwdGdVcmRzaXdXc0VRK2lrcUtEQ2JLdjRlaVErOGJMM1hZMzZkREJlWkxwWGF2S1J4VDMKNW9XVnN6VW5McTA0WTRYRUcrUjJNeXIrYVVKTUlYWGdEbllSOWx6S2pRREtqU0xRR3JCbmN1dEFaaHZ3NmRyaApDRS85QkkrOVVlVXlTYVJTb0ZNSjZ0Y0xBNGU0TnlxeHQrbDJVbnRqSGE5YWZKUlJRR1k5MUo4WklGd1kzVHRJCkUxVG15a0lvRVRoYTUwMDA5UHhRbWI4YTF4Vm40elk3eEhVUE9nSUhMZ2NNZWhzSjJYTER3WmhlQlpYSjVNUTQKSGluUDNpY3R2YjZiTzdzamgzNS9EeUxKZmFCWDNKNGpNZlpscGpzcDhhNVg3UjdISndXRHNObmkrbzUvaU94NQpDUzRiWXpWa3FoVHc3WWYrT2NRY3pZUW5iRTJZUDRMTlJGSC84MXd4UnkzUDBxZjEvaWZaVUdUNFFxc0ZhbHU1ClhtblpsVUdhd1U0MmhGQkswY2h3ZlJnPQotLS0tLUVORCBDRVJUSUZJQ0FURS0tLS0tCg==",
                "client_key": "LS0tLS1CRUdJTiBSU0EgUFJJVkFURSBLRVktLS0tLQpNSUlKS3dJQkFBS0NBZ0VBNlU2OVQwL2g4aFNPempHbXJaeXo3bGRVWnpEYzhiblFJL25UK3VhQncrZjNJZVNYCjBWWWVYcFQyWXJRa1ZSRHBSYlhJTlhxK1ZWbnVyRXpVOHE2OTVyZVJ3cERWYmp2UHJYV2ZnMldNSXFxRHZkNW8KNVc0QzBianZSbW9xdEZURGV0NWhLTGpsNkZNRnNZWGo4VmVrOThVQmtSTHhZWjB6dVBPN2ZHWVkzSmZxOTM5egpEc1VJZ1U3ZG1LQjBqMG5xL21DbTJWZ1RzdkwzQVZia05ITDUyaE5vdzhnbjVnL1krdUpZZGpJZGI4ZXltd0hFCndrU3YxMlFxMDBTem1UdFVmZjZEcDVSYjd1QWM5WjcrZlNGaUM2WVBqcXpieWtiNUZwem5wMFdTVDR2cm1abSsKRWhTc2xMdnlEbm1EMXpVTVNnRU9oT3pzakt1TWZ1QWlSd3hWemovaDVGMUNkdEduT1VDdUxnTmJFTVVHSElSUwpraEpmYVVGdGpza1FvRDFndXJ3enliU1doK093c2hpekpQcXZFODRUa0RSYXp1M09neFQ0RjZBNTh6a1ZpcXhxCjZ6cW1ucC9qUDl4RGxYbU9RVzRXRnZCRWZpMlk5K1N2bXhjQlFzZFdPNFlVODhrM2o2Y0drS2loTUdsaFpUR2gKYWdKTU9CVDZtazQ4dldhdUVkWnBQcDIzTHN1Y0FZVlZHWFg3UStzc2Y2UkxnTnJHalJXQ1pxZjhaKzl2NkJNegpJNEpMa3R2YW1IYStmMG1CeDFlbmgzZkpCSUVVd1cxdmZpYXNROGVrdGJKN0tXZHBha3FaS3JlSlNJQThNUHVsClNRZW90YkhSY3FkUml4bTlnNEpyYlI1bmRJUmYvdm9YZmlVZWl4SHg2SVZqUGVadjRiZUh0aktKWnowQ0F3RUEKQVFLQ0FnRUF5SHM4K2ZadTloTHNWQXNlYTNtSXRIcWVzTDJ3WHBlSllDRENJNHdJWGt2cWRWbDFqQkV3cjUzWgp5eDk1U1EvckpGZjgzdGZHenBrbEd6STZtdi9GZDRpdTNENlE2TlRFdFEycU1NTUdGSlBwK1RJeGVWVjdYclJJCkNINGFqRE42ZHc2NDlzRkw3c1BJMUs5MUhHSndBK2xxV3p1bjZIV3BpSGtJMXZEMDFEcEhVcjVXSkk3enJBb1YKS1o1WUN2azkwYkZFTHVnY3BWMWJHKytLMGZjcTlGWlJaRXVPM1ljb3NRM25ia25LT2Mra2pzYUtTVlcwdEtZQwpsdUVtWTdvejlNRE1hU2gzaDJGV0FVcks3TVBPK0t1T0d0QTNYaTUyeFJPM2pHbWdQSExEMVkzallxNFpUd1hpCkRzWWtvTDJZL2M3Q3B6N2dWbERqdmZMa0FhRjc2TWRkSlFxN2x1cElDcURNZ3lIdzJUeEd0UG91bG44d09MVXoKUHFYcnhKcGplSjQ0UkY5YWY4UlhOSk9NYjlrUTdYbitmNDZxeGVvUEtJT29WbzU4aW1qTFNMOVRpSXRkSUFYdgovUTUwQ0xRdDE3UXpMbm9Qak5WQTI3bXNEKzl2ckdoTGNSK2pIWEVrZGpwb3p6L3VhcXJ0dVdaU1ZHVzBTV1pFCm1nWExqNDhXaXBQS3B2NzlXVGVUcGg2d3F0a1RoQk16ZU83NGN4TGY5TnpzTERjcWg1aHZocW1QdFgyOW5KNU8KNzZoNzBuYmVmQ0N6bG05eW9PQWZJMnJhOGtlMUk1NTBpUC9HUnNmT0J4c3hwWEFkY1BRN3hqRWF1UTYvME9jZgpFdXFNL0xhTlduR3RrODFtd2dGYzlJME5wT0lBaW5DTllLNVUwVEJiNUZydEY5NVdheEVDZ2dFQkFQOGE5dEM0CkVnQVZrSHdHTHVHcWUxYncyZ0RiUmV0ZlpuZ3hNSDlpQlNmWlhqdVgxb0dPVUY4NnNHUjYxSElvRWFFcTRKdjEKNTVWWFo4aVNGOTJjcnFlYWJka3luL2pYZ3F4alhiTzJpZFdva0kwRE5XOUVIeDJUTzJRQzcwcE5UR1NGTjRhcgoraEhVTFFKOGF2Wkhxemwva0JYMU9iMVA0SEp1ejRpc0tVbkhkOWFFU0RLZGpZMXR3dlVMNU5jY0ttZ2lDVHlJCk5wTEdWQm5rTC9ObzFRYXVGVW1TNTJRVmhkWGptUmxnN0t5UTVaRzJjQm1hYmttVlUwTElMTlNvRjBlV0NUdFcKZDQzczNOdm9wM29ta1VVZUlMem84dWd2aE4rYktOLzgvY0tpeWRSM3BZS25TTHh2ZHBZejVzTWhtQzVNUG1mZQoyaG9WS09ydzBCYVFxSE1DZ2dFQkFPb2dOSVNxR1FFMnBnNGFDcGdQMlVqRmhXeGdIR1U2ZlAwQTJ3NFZ3K25lCjZ1TDV6S2NpNmVZbE1sNGVUQnVrdFVpeFhhZ3FuOHFQTkt0VUhYQzlhVmk5N2JObDd5VjloanhYVGFWV01Od3UKT1ZEakFzRlM5c3dITDhEOU53ZXNMa2Z4U01DUmNqYnp4NzcyelU0aWp5Q0lxVGEvblNyL3Vud2lYWFpReVR0ZAp1czg3RlZKNmh0WTVUMmlpVlFoOGhoYk1neFlHQTB3bXFiSXI5c3QwM2tQRWdCcWptbDltMDA5N0xnWnozcmNlCnpJQ3UvK1hjQ0xRTlVMTnZNdzAyekhWNVcwSWJRNmFEL290QWNvRFpuRGl0ZG00ZDRRUmJ3UHRPVmM3M3RtWloKd3ZtNG41TG03QU1tQk03ZVU5N1lVM1JzQUJGMGRxOW01cnd1Zzk1V3RZOENnZ0VCQVB3dG1va1BQUFFLWFM3TgpLZkQ0aHo2Vmp0dkQ1dVZiQkQrU1dKL0R0TmNFb0l1R2VJelBzeEhBUVhqQ2wxcFYwNytmVkRPNExYckswWlJMCkh2NTZrWWlyTnlXN1Rybzl5RFpEYi9Ca1pQTHAxQ01oWmVRYzBpbDVUdjk1aXpUSEh0cExlbTFOZWtHL25kTFUKVFNReUNzZ25HcmNxR0M3VlZFbXEwc3NIYlRVNjBuTWpodjlLRWhFWnpOeFNLcUNlZmlrOFpDY0xlKzh4MFJkYgpKQytabE9RcW1HNkhvdWVrQXc1Q0ZDa3JVQ3J5ZlkzQ2JDUlRMZXpkaVZYOTdaczJvdlNvRTI0dDlyYzh5OE16CnhNTVNkdzU5VHQyUDVmZXlhY1psYWsycG1PeWI0YXAvc0FScys1RVRHb1kydmtwczNqUCtPTDZUWk1UZDMvb0gKblp5QTJaTUNnZ0VCQUlNSGZ4ejRMWUpXV1Z6dkNock1VK2k4VXMyeWhISEs2QVNZcEFBZ0FrTXpOUFhPbzlDdQpZNFVnTUM0b2VxUEY3SWRBYkpBZk9zcWNsdmVEM2U0b3MzcXM0UWxUOVNGZ1BPNHNWaEpBU0p3UmFwWndWaXhvCkNDTnJxamd4L3NoV2ZwaFkyMFNhb2ZkTE8vRU9JeHlsanNEQWV5TmUzZEVneWZlTExBOTVhd1hFa1RaRmRNdHkKTTJCVk5ySHlsL0JsOEkxMTY2ODVza0srS0o3RXFCeDV6YUxUcUhaQU5iZEt6dHhlcmdXQ2Q1UzRzZThiQWJCZApFcW5pQWRaS1Y2SC9sekh2dHprcUZSUnVMdGswT21FT2FMWDNycDQyTHFiSHl4dGFYZiswOXVvVk5sK1lDZ2FuCklsTW94ZXdZMVl1VU9qQ2YrUEhMNGxpTUdIb2M5a1JLOXRVQ2dnRUJBUDRObmpkc1FWNFR5cGxnRjBtckdHQkIKSnJaVEN6WmZtRnpXMnUyY2lneFpSaEtGNG1qQkNtdVdhZGpDQTkwdFBKbjhuMzh1Rk9FVHlyVlIxMGVsa1EvTwpCdTJUVVNlZStaZC9pUjE1UHNPZ3RtclYxTjR3Mk1YUW1qMDVhRnpCd3FrTGFCZHZPclFRa2xaOWdGbUc3ZEUwCmlLaW8rUkxsVEZXS2VHU05SSWd6MkdPaTBTZkJyRGJ4VFBHRW1XVE9NVkJ3Ym9ZR2ppKzg1bUFzRWFaekVtM0EKckNBTndvSTgzWHlwK1hESktDeWJKb0hCVzJiQVlwaDhiNUpYc0RpRWV4S1RCSHE0MGNOaU90Vmw2KzVoc1dMSApzK1FETHFaNkVrSXhNb0Y0WHRHamRpZTdnNjJCWmxVeWhOT0JQNE5aaHN1czRrTHdBaHJhdkJ4OERGa01vdVE9Ci0tLS0tRU5EIFJTQSBQUklWQVRFIEtFWS0tLS0tCg==",
                "cluster_ca_certificate": "LS0tLS1CRUdJTiBDRVJUSUZJQ0FURS0tLS0tCk1JSUU2RENDQXRDZ0F3SUJBZ0lRTytoU2lGTy9DRUQrUm0rTVhHOTNLekFOQmdrcWhraUc5dzBCQVFzRkFEQU4KTVFzd0NRWURWUVFERXdKallUQWdGdzB5TWpBMU1EVXhOREl6TVRGYUdBOHlNRFV5TURVd05URTBNek14TVZvdwpEVEVMTUFrR0ExVUVBeE1DWTJFd2dnSWlNQTBHQ1NxR1NJYjNEUUVCQVFVQUE0SUNEd0F3Z2dJS0FvSUNBUUM2CjVybGhMZ1RjSlo5MWhrRU1hbVdBU0U4MXFYaHA1cGhNa0lxZDh3Vmp1MW1adlU4bkNkVktYMGJwdDZnb3MxUXgKcTZaZGlsMlpyS05Fd3hVQmRGc3JtYU03T2w4dU9PUWtyREVBWmNsSjZoMG1adHZ5bnBnQlNiUDJEUlJJR0RhRQpvejZzZ1UwSERuNnlxWkVaQUlYQmZRZldWUEpWZ0ZOTk51UCtyOHpKN3l4dVljS0kwSzQ3aTNQVGEyVW43ZjdyCjJYVHJFMVFqTTBOOEdIb0MrQUw4aGR4Nk1NclMvbGFOU0JOK0pteGRNOTNzTkNWYjF2MFRCM3lVVFRxaEF6QXIKbHo0blBQMkhvSlpaVVV2UGs3ZlJnemkrM05FRDRBWDEwSGNwOVpyUUZ1S0VoM0hmclFobzdhSXE2NlBhdFJuMwo5WlBWVUpYZm1xNFZXeVRLNEtWY3VVWVNmTjZVNytTNnpSTHRGVUpVKzMyc1FFeHBWQlZQNWkwT3d6VEQxOXZKCldTUFZiZnNBc09lNmdGb2x6S3NWVGk3S2ZxQ21SbnhDZ29peExqQ3F6N3VXWjFQMWUvRXZ1RVNYL1pya05nR0cKa3FxOGRCaVM1NlZHOG1ZY3BSVnhTSyswVUlRYzZsZ3AzaTlvNzJteEVhdm1QdjRldGd1SlA3MkdDMEd3VzJRYgphSzQ3dDVObXQ4MWd3T1duaWhsOHFvVk44MlpHRVFMMit3Y2lFQlpPSk5SSjlUY1lxa25zZ3owUW8wZlJ3MjBxClBKWkVlQ1hRZUdpWDlZVStjQlByK3hIc3BwaWJnNHBNTy8wcVEzbDdoRzdVWW80MFhDU2wvWDROUmdOZTBwZGYKcHpXMEJrbUs3UzFXQmp1eExNWjk3cllrem9QZGgrUm5icnJBd1Nqdmp3SURBUUFCbzBJd1FEQU9CZ05WSFE4QgpBZjhFQkFNQ0FxUXdEd1lEVlIwVEFRSC9CQVV3QXdFQi96QWRCZ05WSFE0RUZnUVUvcXRoOWY5UGc5NFEvUkFSCnNNb2FSSm4ydks0d0RRWUpLb1pJaHZjTkFRRUxCUUFEZ2dJQkFHV1RWSTZpZ1hwNWNtWStQWGdFeW1BVUh3NS8KY0xvaHhEcWJvQnl2cmRPRnh4UHhDUXJFRWNZb1dVZ0JiNnFkL3lSTUVXUld1K2t2ZERQRUhsK3dRWlFUemVGeApIT3piaGsreVcwbDZzYmlvbysrRFFqVzlpM3U4QS9nRVZGaitFQ25MZTdlMFJzdklHc3NFTE04d2hXcDczR3h6ClhseUpTMXE1d1JGbldQZzNwZDZxV3VJclVpZWVYOE5kMmMxK1FURjZtek9VSmJJUnhSR0VRZHNYbzhCRjFXTS8KVVovS242bEx2Y01tMjBhbXFMKzBmR2tteGcvRU5ySUdNbEZwaXNibXBMbExyWFdoQlA0Q2E0REZCWE1HR2MyawpZbHlnN1JIUmFzbnJuWHVYdlR5Qm5zVkFDWUc4aUU5R0RuU0VjMlU1K093bjFHZEFrN21IbklEeHVBK1RKcDBJClh3TVJ3ZTFmTmtpZ1lyVXpSQ1E5c1lYZDVqNTBsK0RDcXl5VmtoWFZyQmwvNVR1T3B1Z1oyWjRjRWV2cENidHQKYmRNVW9VRSs1NGJqUDN5eitVd3ZVY2QzTjU5V2E2dnYrK20rMURocURRUHZLTE5GR2NJZGJGQ05Xd1ZGeXp3MwpWSkxCTzRjTUlENzFYY2xlY05RTUhFcHA4cFhjYld4YkVjS1E1Q2ZaT1lBb055dmhCQk1aQ1hMd1RESU5oWTFzCkZ5bEM3cmYzMEJOWUlqZE5JSzErUGtJWXhIaCtQSjZrcjM3WitNanJ4MEtPZ3NCWVBqdTVlc3ozTXJSRFE4Q1oKdFZCKzhsUUxWcU9IMEtzZDk1WXNJZWNoU2xkeDlVVnZSMStKZ0k3ZEJGYlRtbCtQUDZvV3ZUeVh6WDdCcWN4UwpBbTc0MzliYjd3RW41bTlFCi0tLS0tRU5EIENFUlRJRklDQVRFLS0tLS0K",
                "host": "https://shivamaks1-a49d262b.hcp.southindia.azmk8s.io:443",
                "password": "3aadb8debd00e8f924b4e94e66196ab325e8c140123927e56a39459b81787a16d5a76a21805f6dcfc944825f6af6b20d2f07dffcfba8ac84358683ea2ca6fb89",
                "username": "clusterUser_myproject_rg_my-aks"
              }
            ],
            "kube_config_raw": "apiVersion: v1\nclusters:\n- cluster:\n    certificate-authority-data: LS0tLS1CRUdJTiBDRVJUSUZJQ0FURS0tLS0tCk1JSUU2RENDQXRDZ0F3SUJBZ0lRTytoU2lGTy9DRUQrUm0rTVhHOTNLekFOQmdrcWhraUc5dzBCQVFzRkFEQU4KTVFzd0NRWURWUVFERXdKallUQWdGdzB5TWpBMU1EVXhOREl6TVRGYUdBOHlNRFV5TURVd05URTBNek14TVZvdwpEVEVMTUFrR0ExVUVBeE1DWTJFd2dnSWlNQTBHQ1NxR1NJYjNEUUVCQVFVQUE0SUNEd0F3Z2dJS0FvSUNBUUM2CjVybGhMZ1RjSlo5MWhrRU1hbVdBU0U4MXFYaHA1cGhNa0lxZDh3Vmp1MW1adlU4bkNkVktYMGJwdDZnb3MxUXgKcTZaZGlsMlpyS05Fd3hVQmRGc3JtYU03T2w4dU9PUWtyREVBWmNsSjZoMG1adHZ5bnBnQlNiUDJEUlJJR0RhRQpvejZzZ1UwSERuNnlxWkVaQUlYQmZRZldWUEpWZ0ZOTk51UCtyOHpKN3l4dVljS0kwSzQ3aTNQVGEyVW43ZjdyCjJYVHJFMVFqTTBOOEdIb0MrQUw4aGR4Nk1NclMvbGFOU0JOK0pteGRNOTNzTkNWYjF2MFRCM3lVVFRxaEF6QXIKbHo0blBQMkhvSlpaVVV2UGs3ZlJnemkrM05FRDRBWDEwSGNwOVpyUUZ1S0VoM0hmclFobzdhSXE2NlBhdFJuMwo5WlBWVUpYZm1xNFZXeVRLNEtWY3VVWVNmTjZVNytTNnpSTHRGVUpVKzMyc1FFeHBWQlZQNWkwT3d6VEQxOXZKCldTUFZiZnNBc09lNmdGb2x6S3NWVGk3S2ZxQ21SbnhDZ29peExqQ3F6N3VXWjFQMWUvRXZ1RVNYL1pya05nR0cKa3FxOGRCaVM1NlZHOG1ZY3BSVnhTSyswVUlRYzZsZ3AzaTlvNzJteEVhdm1QdjRldGd1SlA3MkdDMEd3VzJRYgphSzQ3dDVObXQ4MWd3T1duaWhsOHFvVk44MlpHRVFMMit3Y2lFQlpPSk5SSjlUY1lxa25zZ3owUW8wZlJ3MjBxClBKWkVlQ1hRZUdpWDlZVStjQlByK3hIc3BwaWJnNHBNTy8wcVEzbDdoRzdVWW80MFhDU2wvWDROUmdOZTBwZGYKcHpXMEJrbUs3UzFXQmp1eExNWjk3cllrem9QZGgrUm5icnJBd1Nqdmp3SURBUUFCbzBJd1FEQU9CZ05WSFE4QgpBZjhFQkFNQ0FxUXdEd1lEVlIwVEFRSC9CQVV3QXdFQi96QWRCZ05WSFE0RUZnUVUvcXRoOWY5UGc5NFEvUkFSCnNNb2FSSm4ydks0d0RRWUpLb1pJaHZjTkFRRUxCUUFEZ2dJQkFHV1RWSTZpZ1hwNWNtWStQWGdFeW1BVUh3NS8KY0xvaHhEcWJvQnl2cmRPRnh4UHhDUXJFRWNZb1dVZ0JiNnFkL3lSTUVXUld1K2t2ZERQRUhsK3dRWlFUemVGeApIT3piaGsreVcwbDZzYmlvbysrRFFqVzlpM3U4QS9nRVZGaitFQ25MZTdlMFJzdklHc3NFTE04d2hXcDczR3h6ClhseUpTMXE1d1JGbldQZzNwZDZxV3VJclVpZWVYOE5kMmMxK1FURjZtek9VSmJJUnhSR0VRZHNYbzhCRjFXTS8KVVovS242bEx2Y01tMjBhbXFMKzBmR2tteGcvRU5ySUdNbEZwaXNibXBMbExyWFdoQlA0Q2E0REZCWE1HR2MyawpZbHlnN1JIUmFzbnJuWHVYdlR5Qm5zVkFDWUc4aUU5R0RuU0VjMlU1K093bjFHZEFrN21IbklEeHVBK1RKcDBJClh3TVJ3ZTFmTmtpZ1lyVXpSQ1E5c1lYZDVqNTBsK0RDcXl5VmtoWFZyQmwvNVR1T3B1Z1oyWjRjRWV2cENidHQKYmRNVW9VRSs1NGJqUDN5eitVd3ZVY2QzTjU5V2E2dnYrK20rMURocURRUHZLTE5GR2NJZGJGQ05Xd1ZGeXp3MwpWSkxCTzRjTUlENzFYY2xlY05RTUhFcHA4cFhjYld4YkVjS1E1Q2ZaT1lBb055dmhCQk1aQ1hMd1RESU5oWTFzCkZ5bEM3cmYzMEJOWUlqZE5JSzErUGtJWXhIaCtQSjZrcjM3WitNanJ4MEtPZ3NCWVBqdTVlc3ozTXJSRFE4Q1oKdFZCKzhsUUxWcU9IMEtzZDk1WXNJZWNoU2xkeDlVVnZSMStKZ0k3ZEJGYlRtbCtQUDZvV3ZUeVh6WDdCcWN4UwpBbTc0MzliYjd3RW41bTlFCi0tLS0tRU5EIENFUlRJRklDQVRFLS0tLS0K\n    server: https://shivamaks1-a49d262b.hcp.southindia.azmk8s.io:443\n  name: my-aks\ncontexts:\n- context:\n    cluster: my-aks\n    user: clusterUser_myproject_rg_my-aks\n  name: my-aks\ncurrent-context: my-aks\nkind: Config\npreferences: {}\nusers:\n- name: clusterUser_myproject_rg_my-aks\n  user:\n    client-certificate-data: LS0tLS1CRUdJTiBDRVJUSUZJQ0FURS0tLS0tCk1JSUZIVENDQXdXZ0F3SUJBZ0lRTTNGSkhEK1dRMzNvY2dpdGFGWnVtREFOQmdrcWhraUc5dzBCQVFzRkFEQU4KTVFzd0NRWURWUVFERXdKallUQWVGdzB5TWpBMU1EVXhOREl6TVRGYUZ3MHlOREExTURVeE5ETXpNVEZhTURBeApGekFWQmdOVkJBb1REbk41YzNSbGJUcHRZWE4wWlhKek1SVXdFd1lEVlFRREV3eHRZWE4wWlhKamJHbGxiblF3CmdnSWlNQTBHQ1NxR1NJYjNEUUVCQVFVQUE0SUNEd0F3Z2dJS0FvSUNBUURwVHIxUFQrSHlGSTdPTWFhdG5MUHUKVjFSbk1Oenh1ZEFqK2RQNjVvSEQ1L2NoNUpmUlZoNWVsUFppdENSVkVPbEZ0Y2cxZXI1VldlNnNUTlR5cnIzbQp0NUhDa05WdU84K3RkWitEWll3aXFvTzkzbWpsYmdMUnVPOUdhaXEwVk1ONjNtRW91T1hvVXdXeGhlUHhWNlQzCnhRR1JFdkZoblRPNDg3dDhaaGpjbCtyM2YzTU94UWlCVHQyWW9IU1BTZXIrWUtiWldCT3k4dmNCVnVRMGN2bmEKRTJqRHlDZm1EOWo2NGxoMk1oMXZ4N0tiQWNUQ1JLL1haQ3JUUkxPWk8xUjkvb09ubEZ2dTRCejFudjU5SVdJTApwZytPck52S1J2a1duT2VuUlpKUGkrdVptYjRTRkt5VXUvSU9lWVBYTlF4S0FRNkU3T3lNcTR4KzRDSkhERlhPClArSGtYVUoyMGFjNVFLNHVBMXNReFFZY2hGS1NFbDlwUVcyT3lSQ2dQV0M2dkRQSnRKYUg0N0N5R0xNaytxOFQKemhPUU5Gck83YzZERlBnWG9EbnpPUldLckdyck9xYWVuK00vM0VPVmVZNUJiaFlXOEVSK0xaajM1SytiRndGQwp4MVk3aGhUenlUZVBwd2FRcUtFd2FXRmxNYUZxQWt3NEZQcWFUank5WnE0UjFtaytuYmN1eTV3QmhWVVpkZnRECjZ5eC9wRXVBMnNhTkZZSm1wL3huNzIvb0V6TWpna3VTMjlxWWRyNS9TWUhIVjZlSGQ4a0VnUlRCYlc5K0pxeEQKeDZTMXNuc3BaMmxxU3BrcXQ0bElnRHd3KzZWSkI2aTFzZEZ5cDFHTEdiMkRnbXR0SG1kMGhGLysraGQrSlI2TApFZkhvaFdNOTVtL2h0NGUyTW9sblBRSURBUUFCbzFZd1ZEQU9CZ05WSFE4QkFmOEVCQU1DQmFBd0V3WURWUjBsCkJBd3dDZ1lJS3dZQkJRVUhBd0l3REFZRFZSMFRBUUgvQkFJd0FEQWZCZ05WSFNNRUdEQVdnQlQrcTJIMS8wK0QKM2hEOUVCR3d5aHBFbWZhOHJqQU5CZ2txaGtpRzl3MEJBUXNGQUFPQ0FnRUFzaWIwbGdYQm96b0xIbTdKM2hzNwo4S3VoeUQrU0RGcUt0Qi91TkdaVXB2c2ZYQjhmcWNQZGpPbmpxd2JhZEt3aCtwZVZveTBuZE5oNjJMcEtDWndOCi8yeHZwWUJmMk16b2RMbmRVbXBUNjEyQ0VDaWJsR3Q3SzU3elRscjdOMm0yRFJ3Z3F0ZzQ3OGVJK3VFb1ZuTWoKNjNZM3E3OUMrdVFiNC9ROUFydTltUDRwSmxZSVBmMnVKQWQ3K2phNGw5SjQ5blBiaU5lTTRoMW1uOVllSGJzcAptWkdUekpORVg5WktVMUpERUNUZDVkaGZ0SzZuTWJUcWJOS2dvWC9lbWVwL3U3YmhjYy82SFFNQ3V6eXhxVnZxCnhkcDdLbHEvcnlOSjJwdGdVcmRzaXdXc0VRK2lrcUtEQ2JLdjRlaVErOGJMM1hZMzZkREJlWkxwWGF2S1J4VDMKNW9XVnN6VW5McTA0WTRYRUcrUjJNeXIrYVVKTUlYWGdEbllSOWx6S2pRREtqU0xRR3JCbmN1dEFaaHZ3NmRyaApDRS85QkkrOVVlVXlTYVJTb0ZNSjZ0Y0xBNGU0TnlxeHQrbDJVbnRqSGE5YWZKUlJRR1k5MUo4WklGd1kzVHRJCkUxVG15a0lvRVRoYTUwMDA5UHhRbWI4YTF4Vm40elk3eEhVUE9nSUhMZ2NNZWhzSjJYTER3WmhlQlpYSjVNUTQKSGluUDNpY3R2YjZiTzdzamgzNS9EeUxKZmFCWDNKNGpNZlpscGpzcDhhNVg3UjdISndXRHNObmkrbzUvaU94NQpDUzRiWXpWa3FoVHc3WWYrT2NRY3pZUW5iRTJZUDRMTlJGSC84MXd4UnkzUDBxZjEvaWZaVUdUNFFxc0ZhbHU1ClhtblpsVUdhd1U0MmhGQkswY2h3ZlJnPQotLS0tLUVORCBDRVJUSUZJQ0FURS0tLS0tCg==\n    client-key-data: LS0tLS1CRUdJTiBSU0EgUFJJVkFURSBLRVktLS0tLQpNSUlKS3dJQkFBS0NBZ0VBNlU2OVQwL2g4aFNPempHbXJaeXo3bGRVWnpEYzhiblFJL25UK3VhQncrZjNJZVNYCjBWWWVYcFQyWXJRa1ZSRHBSYlhJTlhxK1ZWbnVyRXpVOHE2OTVyZVJ3cERWYmp2UHJYV2ZnMldNSXFxRHZkNW8KNVc0QzBianZSbW9xdEZURGV0NWhLTGpsNkZNRnNZWGo4VmVrOThVQmtSTHhZWjB6dVBPN2ZHWVkzSmZxOTM5egpEc1VJZ1U3ZG1LQjBqMG5xL21DbTJWZ1RzdkwzQVZia05ITDUyaE5vdzhnbjVnL1krdUpZZGpJZGI4ZXltd0hFCndrU3YxMlFxMDBTem1UdFVmZjZEcDVSYjd1QWM5WjcrZlNGaUM2WVBqcXpieWtiNUZwem5wMFdTVDR2cm1abSsKRWhTc2xMdnlEbm1EMXpVTVNnRU9oT3pzakt1TWZ1QWlSd3hWemovaDVGMUNkdEduT1VDdUxnTmJFTVVHSElSUwpraEpmYVVGdGpza1FvRDFndXJ3enliU1doK093c2hpekpQcXZFODRUa0RSYXp1M09neFQ0RjZBNTh6a1ZpcXhxCjZ6cW1ucC9qUDl4RGxYbU9RVzRXRnZCRWZpMlk5K1N2bXhjQlFzZFdPNFlVODhrM2o2Y0drS2loTUdsaFpUR2gKYWdKTU9CVDZtazQ4dldhdUVkWnBQcDIzTHN1Y0FZVlZHWFg3UStzc2Y2UkxnTnJHalJXQ1pxZjhaKzl2NkJNegpJNEpMa3R2YW1IYStmMG1CeDFlbmgzZkpCSUVVd1cxdmZpYXNROGVrdGJKN0tXZHBha3FaS3JlSlNJQThNUHVsClNRZW90YkhSY3FkUml4bTlnNEpyYlI1bmRJUmYvdm9YZmlVZWl4SHg2SVZqUGVadjRiZUh0aktKWnowQ0F3RUEKQVFLQ0FnRUF5SHM4K2ZadTloTHNWQXNlYTNtSXRIcWVzTDJ3WHBlSllDRENJNHdJWGt2cWRWbDFqQkV3cjUzWgp5eDk1U1EvckpGZjgzdGZHenBrbEd6STZtdi9GZDRpdTNENlE2TlRFdFEycU1NTUdGSlBwK1RJeGVWVjdYclJJCkNINGFqRE42ZHc2NDlzRkw3c1BJMUs5MUhHSndBK2xxV3p1bjZIV3BpSGtJMXZEMDFEcEhVcjVXSkk3enJBb1YKS1o1WUN2azkwYkZFTHVnY3BWMWJHKytLMGZjcTlGWlJaRXVPM1ljb3NRM25ia25LT2Mra2pzYUtTVlcwdEtZQwpsdUVtWTdvejlNRE1hU2gzaDJGV0FVcks3TVBPK0t1T0d0QTNYaTUyeFJPM2pHbWdQSExEMVkzallxNFpUd1hpCkRzWWtvTDJZL2M3Q3B6N2dWbERqdmZMa0FhRjc2TWRkSlFxN2x1cElDcURNZ3lIdzJUeEd0UG91bG44d09MVXoKUHFYcnhKcGplSjQ0UkY5YWY4UlhOSk9NYjlrUTdYbitmNDZxeGVvUEtJT29WbzU4aW1qTFNMOVRpSXRkSUFYdgovUTUwQ0xRdDE3UXpMbm9Qak5WQTI3bXNEKzl2ckdoTGNSK2pIWEVrZGpwb3p6L3VhcXJ0dVdaU1ZHVzBTV1pFCm1nWExqNDhXaXBQS3B2NzlXVGVUcGg2d3F0a1RoQk16ZU83NGN4TGY5TnpzTERjcWg1aHZocW1QdFgyOW5KNU8KNzZoNzBuYmVmQ0N6bG05eW9PQWZJMnJhOGtlMUk1NTBpUC9HUnNmT0J4c3hwWEFkY1BRN3hqRWF1UTYvME9jZgpFdXFNL0xhTlduR3RrODFtd2dGYzlJME5wT0lBaW5DTllLNVUwVEJiNUZydEY5NVdheEVDZ2dFQkFQOGE5dEM0CkVnQVZrSHdHTHVHcWUxYncyZ0RiUmV0ZlpuZ3hNSDlpQlNmWlhqdVgxb0dPVUY4NnNHUjYxSElvRWFFcTRKdjEKNTVWWFo4aVNGOTJjcnFlYWJka3luL2pYZ3F4alhiTzJpZFdva0kwRE5XOUVIeDJUTzJRQzcwcE5UR1NGTjRhcgoraEhVTFFKOGF2Wkhxemwva0JYMU9iMVA0SEp1ejRpc0tVbkhkOWFFU0RLZGpZMXR3dlVMNU5jY0ttZ2lDVHlJCk5wTEdWQm5rTC9ObzFRYXVGVW1TNTJRVmhkWGptUmxnN0t5UTVaRzJjQm1hYmttVlUwTElMTlNvRjBlV0NUdFcKZDQzczNOdm9wM29ta1VVZUlMem84dWd2aE4rYktOLzgvY0tpeWRSM3BZS25TTHh2ZHBZejVzTWhtQzVNUG1mZQoyaG9WS09ydzBCYVFxSE1DZ2dFQkFPb2dOSVNxR1FFMnBnNGFDcGdQMlVqRmhXeGdIR1U2ZlAwQTJ3NFZ3K25lCjZ1TDV6S2NpNmVZbE1sNGVUQnVrdFVpeFhhZ3FuOHFQTkt0VUhYQzlhVmk5N2JObDd5VjloanhYVGFWV01Od3UKT1ZEakFzRlM5c3dITDhEOU53ZXNMa2Z4U01DUmNqYnp4NzcyelU0aWp5Q0lxVGEvblNyL3Vud2lYWFpReVR0ZAp1czg3RlZKNmh0WTVUMmlpVlFoOGhoYk1neFlHQTB3bXFiSXI5c3QwM2tQRWdCcWptbDltMDA5N0xnWnozcmNlCnpJQ3UvK1hjQ0xRTlVMTnZNdzAyekhWNVcwSWJRNmFEL290QWNvRFpuRGl0ZG00ZDRRUmJ3UHRPVmM3M3RtWloKd3ZtNG41TG03QU1tQk03ZVU5N1lVM1JzQUJGMGRxOW01cnd1Zzk1V3RZOENnZ0VCQVB3dG1va1BQUFFLWFM3TgpLZkQ0aHo2Vmp0dkQ1dVZiQkQrU1dKL0R0TmNFb0l1R2VJelBzeEhBUVhqQ2wxcFYwNytmVkRPNExYckswWlJMCkh2NTZrWWlyTnlXN1Rybzl5RFpEYi9Ca1pQTHAxQ01oWmVRYzBpbDVUdjk1aXpUSEh0cExlbTFOZWtHL25kTFUKVFNReUNzZ25HcmNxR0M3VlZFbXEwc3NIYlRVNjBuTWpodjlLRWhFWnpOeFNLcUNlZmlrOFpDY0xlKzh4MFJkYgpKQytabE9RcW1HNkhvdWVrQXc1Q0ZDa3JVQ3J5ZlkzQ2JDUlRMZXpkaVZYOTdaczJvdlNvRTI0dDlyYzh5OE16CnhNTVNkdzU5VHQyUDVmZXlhY1psYWsycG1PeWI0YXAvc0FScys1RVRHb1kydmtwczNqUCtPTDZUWk1UZDMvb0gKblp5QTJaTUNnZ0VCQUlNSGZ4ejRMWUpXV1Z6dkNock1VK2k4VXMyeWhISEs2QVNZcEFBZ0FrTXpOUFhPbzlDdQpZNFVnTUM0b2VxUEY3SWRBYkpBZk9zcWNsdmVEM2U0b3MzcXM0UWxUOVNGZ1BPNHNWaEpBU0p3UmFwWndWaXhvCkNDTnJxamd4L3NoV2ZwaFkyMFNhb2ZkTE8vRU9JeHlsanNEQWV5TmUzZEVneWZlTExBOTVhd1hFa1RaRmRNdHkKTTJCVk5ySHlsL0JsOEkxMTY2ODVza0srS0o3RXFCeDV6YUxUcUhaQU5iZEt6dHhlcmdXQ2Q1UzRzZThiQWJCZApFcW5pQWRaS1Y2SC9sekh2dHprcUZSUnVMdGswT21FT2FMWDNycDQyTHFiSHl4dGFYZiswOXVvVk5sK1lDZ2FuCklsTW94ZXdZMVl1VU9qQ2YrUEhMNGxpTUdIb2M5a1JLOXRVQ2dnRUJBUDRObmpkc1FWNFR5cGxnRjBtckdHQkIKSnJaVEN6WmZtRnpXMnUyY2lneFpSaEtGNG1qQkNtdVdhZGpDQTkwdFBKbjhuMzh1Rk9FVHlyVlIxMGVsa1EvTwpCdTJUVVNlZStaZC9pUjE1UHNPZ3RtclYxTjR3Mk1YUW1qMDVhRnpCd3FrTGFCZHZPclFRa2xaOWdGbUc3ZEUwCmlLaW8rUkxsVEZXS2VHU05SSWd6MkdPaTBTZkJyRGJ4VFBHRW1XVE9NVkJ3Ym9ZR2ppKzg1bUFzRWFaekVtM0EKckNBTndvSTgzWHlwK1hESktDeWJKb0hCVzJiQVlwaDhiNUpYc0RpRWV4S1RCSHE0MGNOaU90Vmw2KzVoc1dMSApzK1FETHFaNkVrSXhNb0Y0WHRHamRpZTdnNjJCWmxVeWhOT0JQNE5aaHN1czRrTHdBaHJhdkJ4OERGa01vdVE9Ci0tLS0tRU5EIFJTQSBQUklWQVRFIEtFWS0tLS0tCg==\n    token: 3aadb8debd00e8f924b4e94e66196ab325e8c140123927e56a39459b81787a16d5a76a21805f6dcfc944825f6af6b20d2f07dffcfba8ac84358683ea2ca6fb89\n",
            "kubelet_identity": [
              {
                "client_id": "3594bab4-2a8a-4783-921d-1a861ef76f51",
                "object_id": "c6b33de3-91e9-4832-9e60-e0efa9dd2858",
                "user_assigned_identity_id": "/subscriptions/ec811817-c2d8-43e4-9334-78b9e9f053c5/resourceGroups/MC_myproject_rg_my-aks_southindia/providers/Microsoft.ManagedIdentity/userAssignedIdentities/my-aks-agentpool"
              }
            ],
            "kubernetes_version": "1.22.6",
            "linux_profile": [],
            "local_account_disabled": false,
            "location": "southindia",
            "maintenance_window": [],
            "microsoft_defender": [],
            "name": "my-aks",
            "network_profile": [
              {
                "dns_service_ip": "10.0.0.10",
                "docker_bridge_cidr": "172.17.0.1/24",
                "ip_versions": [
                  "IPv4"
                ],
                "load_balancer_profile": [
                  {
                    "effective_outbound_ips": [
                      "/subscriptions/ec811817-c2d8-43e4-9334-78b9e9f053c5/resourceGroups/MC_myproject_rg_my-aks_southindia/providers/Microsoft.Network/publicIPAddresses/29440f68-5c2e-47a2-95d1-19a229622706"
                    ],
                    "idle_timeout_in_minutes": 0,
                    "managed_outbound_ip_count": 1,
                    "outbound_ip_address_ids": [],
                    "outbound_ip_prefix_ids": [],
                    "outbound_ports_allocated": 0
                  }
                ],
                "load_balancer_sku": "standard",
                "nat_gateway_profile": [],
                "network_mode": "",
                "network_plugin": "kubenet",
                "network_policy": "",
                "outbound_type": "loadBalancer",
                "pod_cidr": "10.244.0.0/16",
                "service_cidr": "10.0.0.0/16"
              }
            ],
            "node_resource_group": "MC_myproject_rg_my-aks_southindia",
            "oidc_issuer_enabled": false,
            "oidc_issuer_url": "",
            "oms_agent": [
              {
                "log_analytics_workspace_id": "/subscriptions/ec811817-c2d8-43e4-9334-78b9e9f053c5/resourceGroups/myproject_rg/providers/Microsoft.OperationalInsights/workspaces/monitor1-law",
                "oms_agent_identity": [
                  {
                    "client_id": "9be976b0-5113-4d08-87bc-319fb62b7736",
                    "object_id": "b4d8660b-5a4f-40a6-aca9-a3d471d597ac",
                    "user_assigned_identity_id": "/subscriptions/ec811817-c2d8-43e4-9334-78b9e9f053c5/resourcegroups/MC_myproject_rg_my-aks_southindia/providers/Microsoft.ManagedIdentity/userAssignedIdentities/omsagent-my-aks"
                  }
                ]
              }
            ],
            "open_service_mesh_enabled": false,
            "portal_fqdn": "shivamaks1-a49d262b.portal.hcp.southindia.azmk8s.io",
            "private_cluster_enabled": false,
            "private_cluster_public_fqdn_enabled": false,
            "private_dns_zone_id": "",
            "private_fqdn": "",
            "public_network_access_enabled": true,
            "resource_group_name": "myproject_rg",
            "role_based_access_control_enabled": true,
            "service_principal": [],
            "sku_tier": "Free",
            "tags": {
              "Environment": "Production"
            },
            "timeouts": null,
            "windows_profile": []
          },
          "sensitive_attributes": [],
          "private": "eyJlMmJmYjczMC1lY2FhLTExZTYtOGY4OC0zNDM2M2JjN2M0YzAiOnsiY3JlYXRlIjo1NDAwMDAwMDAwMDAwLCJkZWxldGUiOjU0MDAwMDAwMDAwMDAsInJlYWQiOjMwMDAwMDAwMDAwMCwidXBkYXRlIjo1NDAwMDAwMDAwMDAwfSwic2NoZW1hX3ZlcnNpb24iOiIyIn0=",
          "dependencies": [
            "module.azure.azurerm_log_analytics_workspace.monitor1",
            "module.azure.azurerm_network_security_group.sg",
            "module.azure.azurerm_resource_group.myrg",
            "module.azure.azurerm_virtual_network.vpc"
          ]
        }
      ]
    },
    {
      "module": "module.azure",
      "mode": "managed",
      "type": "azurerm_log_analytics_solution",
      "name": "monitor2",
      "provider": "provider[\"registry.terraform.io/hashicorp/azurerm\"].myazure",
      "instances": [
        {
          "schema_version": 0,
          "attributes": {
            "id": "/subscriptions/ec811817-c2d8-43e4-9334-78b9e9f053c5/resourceGroups/myproject_rg/providers/Microsoft.OperationsManagement/solutions/Containers(monitor1-law)",
            "location": "southindia",
            "plan": [
              {
                "name": "Containers(monitor1-law)",
                "product": "OMSGallery/Containers",
                "promotion_code": "",
                "publisher": "Microsoft"
              }
            ],
            "resource_group_name": "myproject_rg",
            "solution_name": "Containers",
            "tags": null,
            "timeouts": null,
            "workspace_name": "monitor1-law",
            "workspace_resource_id": "/subscriptions/ec811817-c2d8-43e4-9334-78b9e9f053c5/resourceGroups/myproject_rg/providers/Microsoft.OperationalInsights/workspaces/monitor1-law"
          },
          "sensitive_attributes": [],
          "private": "eyJlMmJmYjczMC1lY2FhLTExZTYtOGY4OC0zNDM2M2JjN2M0YzAiOnsiY3JlYXRlIjoxODAwMDAwMDAwMDAwLCJkZWxldGUiOjE4MDAwMDAwMDAwMDAsInJlYWQiOjMwMDAwMDAwMDAwMCwidXBkYXRlIjoxODAwMDAwMDAwMDAwfX0=",
          "dependencies": [
            "module.azure.azurerm_log_analytics_workspace.monitor1",
            "module.azure.azurerm_resource_group.myrg"
          ]
        }
      ]
    },
    {
      "module": "module.azure",
      "mode": "managed",
      "type": "azurerm_log_analytics_workspace",
      "name": "monitor1",
      "provider": "provider[\"registry.terraform.io/hashicorp/azurerm\"].myazure",
      "instances": [
        {
          "schema_version": 2,
          "attributes": {
            "daily_quota_gb": -1,
            "id": "/subscriptions/ec811817-c2d8-43e4-9334-78b9e9f053c5/resourceGroups/myproject_rg/providers/Microsoft.OperationalInsights/workspaces/monitor1-law",
            "internet_ingestion_enabled": true,
            "internet_query_enabled": true,
            "location": "southindia",
            "name": "monitor1-law",
            "primary_shared_key": "zUsE8ATmJD1S7xXfmbcJFWXv4kwG1QGohC0YhmMHSzb2fgNkke7psgA0yECx6rlMuAyP7Yra3O295KegsRvH4Q==",
            "reservation_capacity_in_gb_per_day": null,
            "resource_group_name": "myproject_rg",
            "retention_in_days": 30,
            "secondary_shared_key": "x/CaO65nHQUdbBpGEa0IynJGM3UHysHaOO06VPNWIbKvlnOgxRNQevpjceYXlbV6Zr4krAFA8H4AWIAiGNM6eQ==",
            "sku": "PerGB2018",
            "tags": null,
            "timeouts": null,
            "workspace_id": "96423325-b423-4c02-9356-7c76e2c59e2b"
          },
          "sensitive_attributes": [],
          "private": "eyJlMmJmYjczMC1lY2FhLTExZTYtOGY4OC0zNDM2M2JjN2M0YzAiOnsiY3JlYXRlIjoxODAwMDAwMDAwMDAwLCJkZWxldGUiOjE4MDAwMDAwMDAwMDAsInJlYWQiOjMwMDAwMDAwMDAwMCwidXBkYXRlIjoxODAwMDAwMDAwMDAwfSwic2NoZW1hX3ZlcnNpb24iOiIyIn0=",
          "dependencies": [
            "module.azure.azurerm_resource_group.myrg"
          ]
        }
      ]
    },
    {
      "module": "module.azure",
      "mode": "managed",
      "type": "azurerm_mysql_database",
      "name": "mysql-db",
      "provider": "provider[\"registry.terraform.io/hashicorp/azurerm\"].myazure",
      "instances": [
        {
          "schema_version": 0,
          "attributes": {
            "charset": "utf8",
            "collation": "utf8_unicode_ci",
            "id": "/subscriptions/ec811817-c2d8-43e4-9334-78b9e9f053c5/resourceGroups/myproject_rg/providers/Microsoft.DBforMySQL/servers/mysqlserver-for-wordpress/databases/wordpress-db",
            "name": "wordpress-db",
            "resource_group_name": "myproject_rg",
            "server_name": "mysqlserver-for-wordpress",
            "timeouts": null
          },
          "sensitive_attributes": [],
          "private": "eyJlMmJmYjczMC1lY2FhLTExZTYtOGY4OC0zNDM2M2JjN2M0YzAiOnsiY3JlYXRlIjozNjAwMDAwMDAwMDAwLCJkZWxldGUiOjM2MDAwMDAwMDAwMDAsInJlYWQiOjMwMDAwMDAwMDAwMCwidXBkYXRlIjozNjAwMDAwMDAwMDAwfX0=",
          "dependencies": [
            "module.azure.azurerm_mysql_server.mysql-server",
            "module.azure.azurerm_resource_group.myrg"
          ]
        }
      ]
    },
    {
      "module": "module.azure",
      "mode": "managed",
      "type": "azurerm_mysql_firewall_rule",
      "name": "mysql-fw-rule",
      "provider": "provider[\"registry.terraform.io/hashicorp/azurerm\"].myazure",
      "instances": [
        {
          "schema_version": 0,
          "attributes": {
            "end_ip_address": "42.109.212.60",
            "id": "/subscriptions/ec811817-c2d8-43e4-9334-78b9e9f053c5/resourceGroups/myproject_rg/providers/Microsoft.DBforMySQL/servers/mysqlserver-for-wordpress/firewallRules/My-system-ip",
            "name": "My-system-ip",
            "resource_group_name": "myproject_rg",
            "server_name": "mysqlserver-for-wordpress",
            "start_ip_address": "42.109.212.58",
            "timeouts": null
          },
          "sensitive_attributes": [],
          "private": "eyJlMmJmYjczMC1lY2FhLTExZTYtOGY4OC0zNDM2M2JjN2M0YzAiOnsiY3JlYXRlIjoxODAwMDAwMDAwMDAwLCJkZWxldGUiOjE4MDAwMDAwMDAwMDAsInJlYWQiOjMwMDAwMDAwMDAwMCwidXBkYXRlIjoxODAwMDAwMDAwMDAwfX0=",
          "dependencies": [
            "module.azure.azurerm_mysql_server.mysql-server",
            "module.azure.azurerm_resource_group.myrg"
          ]
        }
      ]
    },
    {
      "module": "module.azure",
      "mode": "managed",
      "type": "azurerm_mysql_server",
      "name": "mysql-server",
      "provider": "provider[\"registry.terraform.io/hashicorp/azurerm\"].myazure",
      "instances": [
        {
          "schema_version": 0,
          "attributes": {
            "administrator_login": "shivam",
            "administrator_login_password": "ShiVVaMm-#-@@@@2102",
            "auto_grow_enabled": true,
            "backup_retention_days": 7,
            "create_mode": "Default",
            "creation_source_server_id": null,
            "fqdn": "mysqlserver-for-wordpress.mysql.database.azure.com",
            "geo_redundant_backup_enabled": false,
            "id": "/subscriptions/ec811817-c2d8-43e4-9334-78b9e9f053c5/resourceGroups/myproject_rg/providers/Microsoft.DBforMySQL/servers/mysqlserver-for-wordpress",
            "identity": [
              {
                "principal_id": "0449f1b8-157c-42d2-91b3-305dc3399984",
                "tenant_id": "b52e9fda-0691-4585-bdfc-5ccae1ce1890",
                "type": "SystemAssigned"
              }
            ],
            "infrastructure_encryption_enabled": false,
            "location": "centralindia",
            "name": "mysqlserver-for-wordpress",
            "public_network_access_enabled": true,
            "resource_group_name": "myproject_rg",
            "restore_point_in_time": null,
            "sku_name": "B_Gen5_2",
            "ssl_enforcement_enabled": false,
            "ssl_minimal_tls_version_enforced": "TLSEnforcementDisabled",
            "storage_mb": 5120,
            "tags": null,
            "threat_detection_policy": [],
            "timeouts": null,
            "version": "5.7"
          },
          "sensitive_attributes": [],
          "private": "eyJlMmJmYjczMC1lY2FhLTExZTYtOGY4OC0zNDM2M2JjN2M0YzAiOnsiY3JlYXRlIjozNjAwMDAwMDAwMDAwLCJkZWxldGUiOjM2MDAwMDAwMDAwMDAsInJlYWQiOjMwMDAwMDAwMDAwMCwidXBkYXRlIjozNjAwMDAwMDAwMDAwfX0=",
          "dependencies": [
            "module.azure.azurerm_resource_group.myrg"
          ]
        }
      ]
    },
    {
      "module": "module.azure",
      "mode": "managed",
      "type": "azurerm_network_security_group",
      "name": "sg",
      "provider": "provider[\"registry.terraform.io/hashicorp/azurerm\"].myazure",
      "instances": [
        {
          "schema_version": 0,
          "attributes": {
            "id": "/subscriptions/ec811817-c2d8-43e4-9334-78b9e9f053c5/resourceGroups/myproject_rg/providers/Microsoft.Network/networkSecurityGroups/security",
            "location": "southindia",
            "name": "security",
            "resource_group_name": "myproject_rg",
            "security_rule": [],
            "tags": {
              "Name": "security_wizard"
            },
            "timeouts": null
          },
          "sensitive_attributes": [],
          "private": "eyJlMmJmYjczMC1lY2FhLTExZTYtOGY4OC0zNDM2M2JjN2M0YzAiOnsiY3JlYXRlIjoxODAwMDAwMDAwMDAwLCJkZWxldGUiOjE4MDAwMDAwMDAwMDAsInJlYWQiOjMwMDAwMDAwMDAwMCwidXBkYXRlIjoxODAwMDAwMDAwMDAwfX0=",
          "dependencies": [
            "module.azure.azurerm_resource_group.myrg"
          ]
        }
      ]
    },
    {
      "module": "module.azure",
      "mode": "managed",
      "type": "azurerm_network_security_rule",
      "name": "sgrule1",
      "provider": "provider[\"registry.terraform.io/hashicorp/azurerm\"].myazure",
      "instances": [
        {
          "schema_version": 0,
          "attributes": {
            "access": "Allow",
            "description": "",
            "destination_address_prefix": "*",
            "destination_address_prefixes": null,
            "destination_application_security_group_ids": null,
            "destination_port_range": "*",
            "destination_port_ranges": null,
            "direction": "Inbound",
            "id": "/subscriptions/ec811817-c2d8-43e4-9334-78b9e9f053c5/resourceGroups/myproject_rg/providers/Microsoft.Network/networkSecurityGroups/security/securityRules/allow-ssh",
            "name": "allow-ssh",
            "network_security_group_name": "security",
            "priority": 100,
            "protocol": "Tcp",
            "resource_group_name": "myproject_rg",
            "source_address_prefix": "*",
            "source_address_prefixes": null,
            "source_application_security_group_ids": null,
            "source_port_range": "22",
            "source_port_ranges": null,
            "timeouts": null
          },
          "sensitive_attributes": [],
          "private": "eyJlMmJmYjczMC1lY2FhLTExZTYtOGY4OC0zNDM2M2JjN2M0YzAiOnsiY3JlYXRlIjoxODAwMDAwMDAwMDAwLCJkZWxldGUiOjE4MDAwMDAwMDAwMDAsInJlYWQiOjMwMDAwMDAwMDAwMCwidXBkYXRlIjoxODAwMDAwMDAwMDAwfX0=",
          "dependencies": [
            "module.azure.azurerm_network_security_group.sg",
            "module.azure.azurerm_resource_group.myrg"
          ]
        }
      ]
    },
    {
      "module": "module.azure",
      "mode": "managed",
      "type": "azurerm_network_security_rule",
      "name": "sgrule2",
      "provider": "provider[\"registry.terraform.io/hashicorp/azurerm\"].myazure",
      "instances": [
        {
          "schema_version": 0,
          "attributes": {
            "access": "Allow",
            "description": "",
            "destination_address_prefix": "*",
            "destination_address_prefixes": null,
            "destination_application_security_group_ids": null,
            "destination_port_range": "*",
            "destination_port_ranges": null,
            "direction": "Inbound",
            "id": "/subscriptions/ec811817-c2d8-43e4-9334-78b9e9f053c5/resourceGroups/myproject_rg/providers/Microsoft.Network/networkSecurityGroups/security/securityRules/allow-http",
            "name": "allow-http",
            "network_security_group_name": "security",
            "priority": 101,
            "protocol": "Tcp",
            "resource_group_name": "myproject_rg",
            "source_address_prefix": "*",
            "source_address_prefixes": null,
            "source_application_security_group_ids": null,
            "source_port_range": "80",
            "source_port_ranges": null,
            "timeouts": null
          },
          "sensitive_attributes": [],
          "private": "eyJlMmJmYjczMC1lY2FhLTExZTYtOGY4OC0zNDM2M2JjN2M0YzAiOnsiY3JlYXRlIjoxODAwMDAwMDAwMDAwLCJkZWxldGUiOjE4MDAwMDAwMDAwMDAsInJlYWQiOjMwMDAwMDAwMDAwMCwidXBkYXRlIjoxODAwMDAwMDAwMDAwfX0=",
          "dependencies": [
            "module.azure.azurerm_network_security_group.sg",
            "module.azure.azurerm_resource_group.myrg"
          ]
        }
      ]
    },
    {
      "module": "module.azure",
      "mode": "managed",
      "type": "azurerm_network_security_rule",
      "name": "sgrule3",
      "provider": "provider[\"registry.terraform.io/hashicorp/azurerm\"].myazure",
      "instances": [
        {
          "schema_version": 0,
          "attributes": {
            "access": "Allow",
            "description": "",
            "destination_address_prefix": "*",
            "destination_address_prefixes": null,
            "destination_application_security_group_ids": null,
            "destination_port_range": "*",
            "destination_port_ranges": null,
            "direction": "Inbound",
            "id": "/subscriptions/ec811817-c2d8-43e4-9334-78b9e9f053c5/resourceGroups/myproject_rg/providers/Microsoft.Network/networkSecurityGroups/security/securityRules/k8s-1",
            "name": "k8s-1",
            "network_security_group_name": "security",
            "priority": 102,
            "protocol": "Tcp",
            "resource_group_name": "myproject_rg",
            "source_address_prefix": "*",
            "source_address_prefixes": null,
            "source_application_security_group_ids": null,
            "source_port_range": "6443",
            "source_port_ranges": null,
            "timeouts": null
          },
          "sensitive_attributes": [],
          "private": "eyJlMmJmYjczMC1lY2FhLTExZTYtOGY4OC0zNDM2M2JjN2M0YzAiOnsiY3JlYXRlIjoxODAwMDAwMDAwMDAwLCJkZWxldGUiOjE4MDAwMDAwMDAwMDAsInJlYWQiOjMwMDAwMDAwMDAwMCwidXBkYXRlIjoxODAwMDAwMDAwMDAwfX0=",
          "dependencies": [
            "module.azure.azurerm_network_security_group.sg",
            "module.azure.azurerm_resource_group.myrg"
          ]
        }
      ]
    },
    {
      "module": "module.azure",
      "mode": "managed",
      "type": "azurerm_network_security_rule",
      "name": "sgrule4",
      "provider": "provider[\"registry.terraform.io/hashicorp/azurerm\"].myazure",
      "instances": [
        {
          "schema_version": 0,
          "attributes": {
            "access": "Allow",
            "description": "",
            "destination_address_prefix": "*",
            "destination_address_prefixes": null,
            "destination_application_security_group_ids": null,
            "destination_port_range": "*",
            "destination_port_ranges": null,
            "direction": "Inbound",
            "id": "/subscriptions/ec811817-c2d8-43e4-9334-78b9e9f053c5/resourceGroups/myproject_rg/providers/Microsoft.Network/networkSecurityGroups/security/securityRules/k8s-2",
            "name": "k8s-2",
            "network_security_group_name": "security",
            "priority": 103,
            "protocol": "Tcp",
            "resource_group_name": "myproject_rg",
            "source_address_prefix": "*",
            "source_address_prefixes": null,
            "source_application_security_group_ids": null,
            "source_port_range": "8080",
            "source_port_ranges": null,
            "timeouts": null
          },
          "sensitive_attributes": [],
          "private": "eyJlMmJmYjczMC1lY2FhLTExZTYtOGY4OC0zNDM2M2JjN2M0YzAiOnsiY3JlYXRlIjoxODAwMDAwMDAwMDAwLCJkZWxldGUiOjE4MDAwMDAwMDAwMDAsInJlYWQiOjMwMDAwMDAwMDAwMCwidXBkYXRlIjoxODAwMDAwMDAwMDAwfX0=",
          "dependencies": [
            "module.azure.azurerm_network_security_group.sg",
            "module.azure.azurerm_resource_group.myrg"
          ]
        }
      ]
    },
    {
      "module": "module.azure",
      "mode": "managed",
      "type": "azurerm_network_security_rule",
      "name": "sgrule5",
      "provider": "provider[\"registry.terraform.io/hashicorp/azurerm\"].myazure",
      "instances": [
        {
          "schema_version": 0,
          "attributes": {
            "access": "Allow",
            "description": "",
            "destination_address_prefix": "*",
            "destination_address_prefixes": null,
            "destination_application_security_group_ids": null,
            "destination_port_range": "*",
            "destination_port_ranges": null,
            "direction": "Inbound",
            "id": "/subscriptions/ec811817-c2d8-43e4-9334-78b9e9f053c5/resourceGroups/myproject_rg/providers/Microsoft.Network/networkSecurityGroups/security/securityRules/ping",
            "name": "ping",
            "network_security_group_name": "security",
            "priority": 104,
            "protocol": "Icmp",
            "resource_group_name": "myproject_rg",
            "source_address_prefix": "*",
            "source_address_prefixes": null,
            "source_application_security_group_ids": null,
            "source_port_range": "*",
            "source_port_ranges": null,
            "timeouts": null
          },
          "sensitive_attributes": [],
          "private": "eyJlMmJmYjczMC1lY2FhLTExZTYtOGY4OC0zNDM2M2JjN2M0YzAiOnsiY3JlYXRlIjoxODAwMDAwMDAwMDAwLCJkZWxldGUiOjE4MDAwMDAwMDAwMDAsInJlYWQiOjMwMDAwMDAwMDAwMCwidXBkYXRlIjoxODAwMDAwMDAwMDAwfX0=",
          "dependencies": [
            "module.azure.azurerm_network_security_group.sg",
            "module.azure.azurerm_resource_group.myrg"
          ]
        }
      ]
    },
    {
      "module": "module.azure",
      "mode": "managed",
      "type": "azurerm_network_security_rule",
      "name": "sgrule7",
      "provider": "provider[\"registry.terraform.io/hashicorp/azurerm\"].myazure",
      "instances": [
        {
          "schema_version": 0,
          "attributes": {
            "access": "Allow",
            "description": "",
            "destination_address_prefix": "*",
            "destination_address_prefixes": null,
            "destination_application_security_group_ids": null,
            "destination_port_range": "*",
            "destination_port_ranges": null,
            "direction": "Outbound",
            "id": "/subscriptions/ec811817-c2d8-43e4-9334-78b9e9f053c5/resourceGroups/myproject_rg/providers/Microsoft.Network/networkSecurityGroups/security/securityRules/egress",
            "name": "egress",
            "network_security_group_name": "security",
            "priority": 100,
            "protocol": "*",
            "resource_group_name": "myproject_rg",
            "source_address_prefix": "*",
            "source_address_prefixes": null,
            "source_application_security_group_ids": null,
            "source_port_range": "*",
            "source_port_ranges": null,
            "timeouts": null
          },
          "sensitive_attributes": [],
          "private": "eyJlMmJmYjczMC1lY2FhLTExZTYtOGY4OC0zNDM2M2JjN2M0YzAiOnsiY3JlYXRlIjoxODAwMDAwMDAwMDAwLCJkZWxldGUiOjE4MDAwMDAwMDAwMDAsInJlYWQiOjMwMDAwMDAwMDAwMCwidXBkYXRlIjoxODAwMDAwMDAwMDAwfX0=",
          "dependencies": [
            "module.azure.azurerm_network_security_group.sg",
            "module.azure.azurerm_resource_group.myrg"
          ]
        }
      ]
    },
    {
      "module": "module.azure",
      "mode": "managed",
      "type": "azurerm_resource_group",
      "name": "myrg",
      "provider": "provider[\"registry.terraform.io/hashicorp/azurerm\"].myazure",
      "instances": [
        {
          "schema_version": 0,
          "attributes": {
            "id": "/subscriptions/ec811817-c2d8-43e4-9334-78b9e9f053c5/resourceGroups/myproject_rg",
            "location": "southindia",
            "name": "myproject_rg",
            "tags": null,
            "timeouts": null
          },
          "sensitive_attributes": [],
          "private": "eyJlMmJmYjczMC1lY2FhLTExZTYtOGY4OC0zNDM2M2JjN2M0YzAiOnsiY3JlYXRlIjo1NDAwMDAwMDAwMDAwLCJkZWxldGUiOjU0MDAwMDAwMDAwMDAsInJlYWQiOjMwMDAwMDAwMDAwMCwidXBkYXRlIjo1NDAwMDAwMDAwMDAwfX0="
        }
      ]
    },
    {
      "module": "module.azure",
      "mode": "managed",
      "type": "azurerm_virtual_network",
      "name": "vpc",
      "provider": "provider[\"registry.terraform.io/hashicorp/azurerm\"].myazure",
      "instances": [
        {
          "schema_version": 0,
          "attributes": {
            "address_space": [
              "10.2.0.0/16"
            ],
            "bgp_community": "",
            "ddos_protection_plan": [],
            "dns_servers": [],
            "edge_zone": "",
            "flow_timeout_in_minutes": 0,
            "guid": "799ba3db-a98e-4d8c-8f85-b9691105b8aa",
            "id": "/subscriptions/ec811817-c2d8-43e4-9334-78b9e9f053c5/resourceGroups/myproject_rg/providers/Microsoft.Network/virtualNetworks/my-vnet",
            "location": "southindia",
            "name": "my-vnet",
            "resource_group_name": "myproject_rg",
            "subnet": [
              {
                "address_prefix": "10.2.1.0/24",
                "id": "/subscriptions/ec811817-c2d8-43e4-9334-78b9e9f053c5/resourceGroups/myproject_rg/providers/Microsoft.Network/virtualNetworks/my-vnet/subnets/subnet1-public",
                "name": "subnet1-public",
                "security_group": "/subscriptions/ec811817-c2d8-43e4-9334-78b9e9f053c5/resourceGroups/myproject_rg/providers/Microsoft.Network/networkSecurityGroups/security"
              },
              {
                "address_prefix": "10.2.2.0/24",
                "id": "/subscriptions/ec811817-c2d8-43e4-9334-78b9e9f053c5/resourceGroups/myproject_rg/providers/Microsoft.Network/virtualNetworks/my-vnet/subnets/subnet2-private",
                "name": "subnet2-private",
                "security_group": "/subscriptions/ec811817-c2d8-43e4-9334-78b9e9f053c5/resourceGroups/myproject_rg/providers/Microsoft.Network/networkSecurityGroups/security"
              }
            ],
            "tags": {
              "Name": "vpc"
            },
            "timeouts": null
          },
          "sensitive_attributes": [],
          "private": "eyJlMmJmYjczMC1lY2FhLTExZTYtOGY4OC0zNDM2M2JjN2M0YzAiOnsiY3JlYXRlIjoxODAwMDAwMDAwMDAwLCJkZWxldGUiOjE4MDAwMDAwMDAwMDAsInJlYWQiOjMwMDAwMDAwMDAwMCwidXBkYXRlIjoxODAwMDAwMDAwMDAwfX0=",
          "dependencies": [
            "module.azure.azurerm_network_security_group.sg",
            "module.azure.azurerm_resource_group.myrg"
          ]
        }
      ]
    }
  ]
}
